{
    "name": "sapi-pro",
    "version": "0.4.2",
    "lockfileVersion": 3,
    "requires": true,
    "packages": {
        "": {
            "name": "sapi-pro",
            "version": "0.4.2",
            "license": "MIT",
            "devDependencies": {
                "@minecraft/common": "1.2.0",
                "@minecraft/server": "2.11.0-beta.1.26.50-stable",
                "@minecraft/server-ui": "2.3.0-beta.1.26.50-stable"
            },
            "peerDependencies": {
                "@minecraft/server": "^2.11.0-beta.1.26.50-stable",
                "@minecraft/server-ui": "^2.3.0-beta.1.26.50-stable",
                "@minecraft/vanilla-data": ">=1.26.0"
            }
        },
        "node_modules/@minecraft/common": {
            "version": "1.2.0",
            "integrity": "sha512-JdmEq4P3Z/FtoBzhLijFgMSVFnFRrUoLwY8DHHrgtFo0mfLTOLTB1RErYjLMsA6b7BGVNxkX/pfFRiH7QZ0XwQ==",
            "dev": true,
            "license": "MIT"
        },
        "node_modules/@minecraft/server": {
            "version": "2.11.0-beta.1.26.50-stable",
            "resolved": "https://registry.npmjs.org/@minecraft/server/-/server-2.11.0-beta.1.26.50-stable.tgz",
            "integrity": "sha512-l0ax/JeelRa1dXfPlKtIB4XLEgS896/LmTyYiWshyg63j+Kh9+eOffh4XAZ4/3/xgkQfYuICfUwmYhja77usew==",
            "dev": true,
            "license": "MIT",
            "peerDependencies": {
                "@minecraft/common": "^1.2.0",
                "@minecraft/vanilla-data": ">=1.20.70"
            }
        },
        "node_modules/@minecraft/server-ui": {
            "version": "2.3.0-beta.1.26.50-stable",
            "resolved": "https://registry.npmjs.org/@minecraft/server-ui/-/server-ui-2.3.0-beta.1.26.50-stable.tgz",
            "integrity": "sha512-5Ez1duL+SIMCmPvL1IPcsDcKE+MTRaqdHNT+upoMutLYEYnzNFXxmFb5BEBiK22bfCBuHi28KBHWX2JCr6AVuA==",
            "dev": true,
            "license": "MIT",
            "peerDependencies": {
                "@minecraft/common": "^1.0.0",
                "@minecraft/server": "^2.0.0 || ^2.11.0-beta.1.26.50-stable"
            }
        },
        "node_modules/@minecraft/vanilla-data": {
            "version": "1.26.50",
            "integrity": "sha512-hh6W6JM7pUuNhfnrAI6d7KR7mTz4bgy5GVhc37Jj9oBI1zWqkFdVzhogGxplWUPTBl5b6ua7Q58gkQ6o1MtRtw==",
            "license": "MIT",
            "peer": true
        }
    }
}
