{
    "name": "sapi-pro",
    "version": "0.4.3",
    "lockfileVersion": 3,
    "requires": true,
    "packages": {
        "": {
            "name": "sapi-pro",
            "version": "0.4.3",
            "license": "MIT",
            "devDependencies": {
                "@minecraft/common": "1.2.0",
                "@minecraft/server": "2.8.0",
                "@minecraft/server-ui": "2.1.0"
            },
            "peerDependencies": {
                "@minecraft/server": "^2.8.0",
                "@minecraft/server-ui": "^2.1.0",
                "@minecraft/vanilla-data": ">=1.26.0"
            }
        },
        "node_modules/@minecraft/common": {
            "version": "1.2.0",
            "resolved": "https://registry.npmmirror.com/@minecraft/common/-/common-1.2.0.tgz",
            "integrity": "sha512-JdmEq4P3Z/FtoBzhLijFgMSVFnFRrUoLwY8DHHrgtFo0mfLTOLTB1RErYjLMsA6b7BGVNxkX/pfFRiH7QZ0XwQ==",
            "dev": true,
            "license": "MIT"
        },
        "node_modules/@minecraft/server": {
            "version": "2.8.0",
            "resolved": "https://registry.npmmirror.com/@minecraft/server/-/server-2.8.0.tgz",
            "integrity": "sha512-5VPlToP3IihUWrLHQJdNPSq++vPYnB+IZUVdO6kJ/VWVE29pN230f9SiCD28XU+Ujfh/EdjU3anktXG77pjWLA==",
            "dev": true,
            "license": "MIT",
            "peerDependencies": {
                "@minecraft/common": "^1.2.0",
                "@minecraft/vanilla-data": ">=1.20.70"
            }
        },
        "node_modules/@minecraft/server-ui": {
            "version": "2.1.0",
            "resolved": "https://registry.npmmirror.com/@minecraft/server-ui/-/server-ui-2.1.0.tgz",
            "integrity": "sha512-7zXyqK6HI62aH0RlfObLitBc7EldpoAH3AeC8JWOaI6CCNoCi2DG2U78ELdq+NrUIjvCE87Bix/I+hgXsQ5AdA==",
            "dev": true,
            "license": "MIT",
            "peerDependencies": {
                "@minecraft/common": "^1.0.0",
                "@minecraft/server": "^2.0.0"
            }
        },
        "node_modules/@minecraft/vanilla-data": {
            "version": "1.26.40",
            "resolved": "https://registry.npmmirror.com/@minecraft/vanilla-data/-/vanilla-data-1.26.40.tgz",
            "integrity": "sha512-6CKqzKXmTaQOKofuTPiJVE5SqFXs8nRTHDujvL77rT/9cRArsdzagRcPFBcbhL8MnGjsINXxkdqFnjUqhZjxsA==",
            "license": "MIT",
            "peer": true
        }
    }
}
